
Microsoft Visual Studio Solution File, Format Version 12.00
# Visual Studio Version 17
VisualStudioVersion = 17.6.33829.357
MinimumVisualStudioVersion = 10.0.40219.1
Project("{FAE04EC0-301F-11D3-BF4B-00C04F79EFBC}") = "git1", "git1\git1.csproj", "{7ED7EE52-F075-4915-99D3-178E75FAA63B}"
EndProject
Global
	GlobalSection(SolutionConfigurationPlatforms) = preSolution
		Debug|Any CPU = Debug|Any CPU
		Release|Any CPU = Release|Any CPU
	EndGlobalSection
	GlobalSection(ProjectConfigurationPlatforms) = postSolution
		{7ED7EE52-F075-4915-99D3-178E75FAA63B}.Debug|Any CPU.ActiveCfg = Debug|Any CPU
		{7ED7EE52-F075-4915-99D3-178E75FAA63B}.Debug|Any CPU.Build.0 = Debug|Any CPU
		{7ED7EE52-F075-4915-99D3-178E75FAA63B}.Release|Any CPU.ActiveCfg = Release|Any CPU
		{7ED7EE52-F075-4915-99D3-178E75FAA63B}.Release|Any CPU.Build.0 = Release|Any CPU
	EndGlobalSection
	GlobalSection(SolutionProperties) = preSolution
		HideSolutionNode = FALSE
	EndGlobalSection
	GlobalSection(ExtensibilityGlobals) = postSolution
		SolutionGuid = {DDC8D0A2-4EF2-4AA9-88E7-57898E7A1C46}
	EndGlobalSection
EndGlobal
